
Microsoft Visual Studio Solution File, Format Version 12.00
# Visual Studio 15
VisualStudioVersion = 15.0.26124.0
MinimumVisualStudioVersion = 15.0.26124.0
Project("{F2A71F9B-5D33-465A-A702-920D77279786}") = "proj1", "proj1\proj1.fsproj", "{AC80B5A2-2ACB-4DA3-A90A-BC4038266DD2}"
EndProject
Project("{F2A71F9B-5D33-465A-A702-920D77279786}") = "proj2", "proj2\proj2.fsproj", "{6948E3DC-1158-4A86-A741-EF799DA231CF}"
EndProject
Project("{F2A71F9B-5D33-465A-A702-920D77279786}") = "proj3", "proj3\proj3.fsproj", "{0CEF05A0-E12B-42BA-8B9E-EBE5955F98BE}"
EndProject
Project("{F2A71F9B-5D33-465A-A702-920D77279786}") = "proj4", "proj4\proj4.fsproj", "{1EA60D00-D724-4612-AF5D-1393F1BBA029}"
EndProject
Global
	GlobalSection(SolutionConfigurationPlatforms) = preSolution
		Debug|Any CPU = Debug|Any CPU
		Debug|x64 = Debug|x64
		Debug|x86 = Debug|x86
		Release|Any CPU = Release|Any CPU
		Release|x64 = Release|x64
		Release|x86 = Release|x86
	EndGlobalSection
	GlobalSection(SolutionProperties) = preSolution
		HideSolutionNode = FALSE
	EndGlobalSection
	GlobalSection(ProjectConfigurationPlatforms) = postSolution
		{AC80B5A2-2ACB-4DA3-A90A-BC4038266DD2}.Debug|Any CPU.ActiveCfg = Debug|Any CPU
		{AC80B5A2-2ACB-4DA3-A90A-BC4038266DD2}.Debug|Any CPU.Build.0 = Debug|Any CPU
		{AC80B5A2-2ACB-4DA3-A90A-BC4038266DD2}.Debug|x64.ActiveCfg = Debug|Any CPU
		{AC80B5A2-2ACB-4DA3-A90A-BC4038266DD2}.Debug|x64.Build.0 = Debug|Any CPU
		{AC80B5A2-2ACB-4DA3-A90A-BC4038266DD2}.Debug|x86.ActiveCfg = Debug|Any CPU
		{AC80B5A2-2ACB-4DA3-A90A-BC4038266DD2}.Debug|x86.Build.0 = Debug|Any CPU
		{AC80B5A2-2ACB-4DA3-A90A-BC4038266DD2}.Release|Any CPU.ActiveCfg = Release|Any CPU
		{AC80B5A2-2ACB-4DA3-A90A-BC4038266DD2}.Release|Any CPU.Build.0 = Release|Any CPU
		{AC80B5A2-2ACB-4DA3-A90A-BC4038266DD2}.Release|x64.ActiveCfg = Release|Any CPU
		{AC80B5A2-2ACB-4DA3-A90A-BC4038266DD2}.Release|x64.Build.0 = Release|Any CPU
		{AC80B5A2-2ACB-4DA3-A90A-BC4038266DD2}.Release|x86.ActiveCfg = Release|Any CPU
		{AC80B5A2-2ACB-4DA3-A90A-BC4038266DD2}.Release|x86.Build.0 = Release|Any CPU
		{6948E3DC-1158-4A86-A741-EF799DA231CF}.Debug|Any CPU.ActiveCfg = Debug|Any CPU
		{6948E3DC-1158-4A86-A741-EF799DA231CF}.Debug|Any CPU.Build.0 = Debug|Any CPU
		{6948E3DC-1158-4A86-A741-EF799DA231CF}.Debug|x64.ActiveCfg = Debug|Any CPU
		{6948E3DC-1158-4A86-A741-EF799DA231CF}.Debug|x64.Build.0 = Debug|Any CPU
		{6948E3DC-1158-4A86-A741-EF799DA231CF}.Debug|x86.ActiveCfg = Debug|Any CPU
		{6948E3DC-1158-4A86-A741-EF799DA231CF}.Debug|x86.Build.0 = Debug|Any CPU
		{6948E3DC-1158-4A86-A741-EF799DA231CF}.Release|Any CPU.ActiveCfg = Release|Any CPU
		{6948E3DC-1158-4A86-A741-EF799DA231CF}.Release|Any CPU.Build.0 = Release|Any CPU
		{6948E3DC-1158-4A86-A741-EF799DA231CF}.Release|x64.ActiveCfg = Release|Any CPU
		{6948E3DC-1158-4A86-A741-EF799DA231CF}.Release|x64.Build.0 = Release|Any CPU
		{6948E3DC-1158-4A86-A741-EF799DA231CF}.Release|x86.ActiveCfg = Release|Any CPU
		{6948E3DC-1158-4A86-A741-EF799DA231CF}.Release|x86.Build.0 = Release|Any CPU
		{0CEF05A0-E12B-42BA-8B9E-EBE5955F98BE}.Debug|Any CPU.ActiveCfg = Debug|Any CPU
		{0CEF05A0-E12B-42BA-8B9E-EBE5955F98BE}.Debug|Any CPU.Build.0 = Debug|Any CPU
		{0CEF05A0-E12B-42BA-8B9E-EBE5955F98BE}.Debug|x64.ActiveCfg = Debug|Any CPU
		{0CEF05A0-E12B-42BA-8B9E-EBE5955F98BE}.Debug|x64.Build.0 = Debug|Any CPU
		{0CEF05A0-E12B-42BA-8B9E-EBE5955F98BE}.Debug|x86.ActiveCfg = Debug|Any CPU
		{0CEF05A0-E12B-42BA-8B9E-EBE5955F98BE}.Debug|x86.Build.0 = Debug|Any CPU
		{0CEF05A0-E12B-42BA-8B9E-EBE5955F98BE}.Release|Any CPU.ActiveCfg = Release|Any CPU
		{0CEF05A0-E12B-42BA-8B9E-EBE5955F98BE}.Release|Any CPU.Build.0 = Release|Any CPU
		{0CEF05A0-E12B-42BA-8B9E-EBE5955F98BE}.Release|x64.ActiveCfg = Release|Any CPU
		{0CEF05A0-E12B-42BA-8B9E-EBE5955F98BE}.Release|x64.Build.0 = Release|Any CPU
		{0CEF05A0-E12B-42BA-8B9E-EBE5955F98BE}.Release|x86.ActiveCfg = Release|Any CPU
		{0CEF05A0-E12B-42BA-8B9E-EBE5955F98BE}.Release|x86.Build.0 = Release|Any CPU
		{1EA60D00-D724-4612-AF5D-1393F1BBA029}.Debug|Any CPU.ActiveCfg = Debug|Any CPU
		{1EA60D00-D724-4612-AF5D-1393F1BBA029}.Debug|Any CPU.Build.0 = Debug|Any CPU
		{1EA60D00-D724-4612-AF5D-1393F1BBA029}.Debug|x64.ActiveCfg = Debug|Any CPU
		{1EA60D00-D724-4612-AF5D-1393F1BBA029}.Debug|x64.Build.0 = Debug|Any CPU
		{1EA60D00-D724-4612-AF5D-1393F1BBA029}.Debug|x86.ActiveCfg = Debug|Any CPU
		{1EA60D00-D724-4612-AF5D-1393F1BBA029}.Debug|x86.Build.0 = Debug|Any CPU
		{1EA60D00-D724-4612-AF5D-1393F1BBA029}.Release|Any CPU.ActiveCfg = Release|Any CPU
		{1EA60D00-D724-4612-AF5D-1393F1BBA029}.Release|Any CPU.Build.0 = Release|Any CPU
		{1EA60D00-D724-4612-AF5D-1393F1BBA029}.Release|x64.ActiveCfg = Release|Any CPU
		{1EA60D00-D724-4612-AF5D-1393F1BBA029}.Release|x64.Build.0 = Release|Any CPU
		{1EA60D00-D724-4612-AF5D-1393F1BBA029}.Release|x86.ActiveCfg = Release|Any CPU
		{1EA60D00-D724-4612-AF5D-1393F1BBA029}.Release|x86.Build.0 = Release|Any CPU
	EndGlobalSection
EndGlobal
